
Microsoft Visual Studio Solution File, Format Version 12.00
# Visual Studio Version 17
VisualStudioVersion = 17.0.31903.59
MinimumVisualStudioVersion = 10.0.40219.1
Project("{2150E333-8FDC-42A3-9474-1A3956D46DE8}") = "apps", "apps", "{834E0F12-0275-472D-88C9-F9CCC8834177}"
EndProject
Project("{2150E333-8FDC-42A3-9474-1A3956D46DE8}") = "service-scrape", "service-scrape", "{06E07636-3BA8-4D3D-AFED-E9D86906EB68}"
EndProject
Project("{2150E333-8FDC-42A3-9474-1A3956D46DE8}") = "function-batchScrapeSuburbs", "function-batchScrapeSuburbs", "{FE39F364-4844-4CDC-8098-2DB1328F3242}"
EndProject
Project("{FAE04EC0-301F-11D3-BF4B-00C04F79EFBC}") = "Program", "apps\service-scrape\function-batchScrapeSuburbs\src\Program.csproj", "{43F8D0CD-2F5A-409B-B521-041B4667C8E7}"
EndProject
Project("{FAE04EC0-301F-11D3-BF4B-00C04F79EFBC}") = "Test", "apps\service-scrape\function-batchScrapeSuburbs\test\Test.csproj", "{8502EE7F-6A8F-4DF1-BDA3-BDA2D1D36E71}"
EndProject
Project("{2150E333-8FDC-42A3-9474-1A3956D46DE8}") = "function-batchTrigger", "function-batchTrigger", "{1C502ACA-0926-459A-A58D-78373889F421}"
EndProject
Project("{FAE04EC0-301F-11D3-BF4B-00C04F79EFBC}") = "Program", "apps\service-scrape\function-batchTrigger\src\Program.csproj", "{A9AC3A77-41C2-4184-99D8-A28A63BA1ACA}"
EndProject
Project("{2150E333-8FDC-42A3-9474-1A3956D46DE8}") = "function-readOLTP", "function-readOLTP", "{ACF7E559-3C7E-44A4-BCFF-28942294244D}"
EndProject
Project("{FAE04EC0-301F-11D3-BF4B-00C04F79EFBC}") = "Program", "apps\service-scrape\function-readOLTP\src\Program.csproj", "{15689137-BD6A-4957-844B-3195741170A7}"
EndProject
Global
	GlobalSection(SolutionConfigurationPlatforms) = preSolution
		Debug|Any CPU = Debug|Any CPU
		Release|Any CPU = Release|Any CPU
	EndGlobalSection
	GlobalSection(SolutionProperties) = preSolution
		HideSolutionNode = FALSE
	EndGlobalSection
	GlobalSection(ProjectConfigurationPlatforms) = postSolution
		{43F8D0CD-2F5A-409B-B521-041B4667C8E7}.Debug|Any CPU.ActiveCfg = Debug|Any CPU
		{43F8D0CD-2F5A-409B-B521-041B4667C8E7}.Debug|Any CPU.Build.0 = Debug|Any CPU
		{43F8D0CD-2F5A-409B-B521-041B4667C8E7}.Release|Any CPU.ActiveCfg = Release|Any CPU
		{43F8D0CD-2F5A-409B-B521-041B4667C8E7}.Release|Any CPU.Build.0 = Release|Any CPU
		{8502EE7F-6A8F-4DF1-BDA3-BDA2D1D36E71}.Debug|Any CPU.ActiveCfg = Debug|Any CPU
		{8502EE7F-6A8F-4DF1-BDA3-BDA2D1D36E71}.Debug|Any CPU.Build.0 = Debug|Any CPU
		{8502EE7F-6A8F-4DF1-BDA3-BDA2D1D36E71}.Release|Any CPU.ActiveCfg = Release|Any CPU
		{8502EE7F-6A8F-4DF1-BDA3-BDA2D1D36E71}.Release|Any CPU.Build.0 = Release|Any CPU
		{A9AC3A77-41C2-4184-99D8-A28A63BA1ACA}.Debug|Any CPU.ActiveCfg = Debug|Any CPU
		{A9AC3A77-41C2-4184-99D8-A28A63BA1ACA}.Debug|Any CPU.Build.0 = Debug|Any CPU
		{A9AC3A77-41C2-4184-99D8-A28A63BA1ACA}.Release|Any CPU.ActiveCfg = Release|Any CPU
		{A9AC3A77-41C2-4184-99D8-A28A63BA1ACA}.Release|Any CPU.Build.0 = Release|Any CPU
		{15689137-BD6A-4957-844B-3195741170A7}.Debug|Any CPU.ActiveCfg = Debug|Any CPU
		{15689137-BD6A-4957-844B-3195741170A7}.Debug|Any CPU.Build.0 = Debug|Any CPU
		{15689137-BD6A-4957-844B-3195741170A7}.Release|Any CPU.ActiveCfg = Release|Any CPU
		{15689137-BD6A-4957-844B-3195741170A7}.Release|Any CPU.Build.0 = Release|Any CPU
	EndGlobalSection
	GlobalSection(NestedProjects) = preSolution
		{06E07636-3BA8-4D3D-AFED-E9D86906EB68} = {834E0F12-0275-472D-88C9-F9CCC8834177}
		{FE39F364-4844-4CDC-8098-2DB1328F3242} = {06E07636-3BA8-4D3D-AFED-E9D86906EB68}
		{43F8D0CD-2F5A-409B-B521-041B4667C8E7} = {FE39F364-4844-4CDC-8098-2DB1328F3242}
		{8502EE7F-6A8F-4DF1-BDA3-BDA2D1D36E71} = {FE39F364-4844-4CDC-8098-2DB1328F3242}
		{1C502ACA-0926-459A-A58D-78373889F421} = {06E07636-3BA8-4D3D-AFED-E9D86906EB68}
		{A9AC3A77-41C2-4184-99D8-A28A63BA1ACA} = {1C502ACA-0926-459A-A58D-78373889F421}
		{ACF7E559-3C7E-44A4-BCFF-28942294244D} = {06E07636-3BA8-4D3D-AFED-E9D86906EB68}
		{15689137-BD6A-4957-844B-3195741170A7} = {ACF7E559-3C7E-44A4-BCFF-28942294244D}
	EndGlobalSection
EndGlobal
