{
  "version": 1,
  "dependencies": {
    "net8.0": {
      "Amazon.Lambda.APIGatewayEvents": {
        "type": "Direct",
        "requested": "[2.7.0, )",
        "resolved": "2.7.0",
        "contentHash": "HAbdRKLzvUqRg/fItan7up/PWsj6vQfYF+1a4YV6sv1bq5TuK/ra+ndJwWMlzL+MFJzJaHwCmtkyBbh/vz8Oig=="
      },
      "Amazon.Lambda.Core": {
        "type": "Direct",
        "requested": "[2.2.0, )",
        "resolved": "2.2.0",
        "contentHash": "DHqKeD1CYocP0t1dJC/NaXfu+5k6AoqnQ1Hlu/J2mXpLpCyeJfY+tIqT5fpruDarUlU0NtdIH8zSkCjeinyb1A=="
      },
      "Amazon.Lambda.Serialization.SystemTextJson": {
        "type": "Direct",
        "requested": "[2.4.0, )",
        "resolved": "2.4.0",
        "contentHash": "VwHKBvAD3ivAoAYjRNy/LsZaoFayKAWhVYOTYur5UQZzxYCC6itTwBH5skt3l8FCIjOAGnZljHNnayu17Y53jw==",
        "dependencies": {
          "Amazon.Lambda.Core": "2.2.0"
        }
      }
    },
    "net8.0/linux-arm64": {}
  }
}